
Microsoft Visual Studio Solution File, Format Version 12.00
# Visual Studio Version 17
VisualStudioVersion = 17.4.33403.182
MinimumVisualStudioVersion = 10.0.40219.1
Project("{FAE04EC0-301F-11D3-BF4B-00C04F79EFBC}") = "ClaseAsincrona9", "ClaseAsincrona9.csproj", "{286A7C73-BF7E-492B-8A98-35A9EA31777D}"
EndProject
Global
	GlobalSection(SolutionConfigurationPlatforms) = preSolution
		Debug|Any CPU = Debug|Any CPU
		Release|Any CPU = Release|Any CPU
	EndGlobalSection
	GlobalSection(ProjectConfigurationPlatforms) = postSolution
		{286A7C73-BF7E-492B-8A98-35A9EA31777D}.Debug|Any CPU.ActiveCfg = Debug|Any CPU
		{286A7C73-BF7E-492B-8A98-35A9EA31777D}.Debug|Any CPU.Build.0 = Debug|Any CPU
		{286A7C73-BF7E-492B-8A98-35A9EA31777D}.Release|Any CPU.ActiveCfg = Release|Any CPU
		{286A7C73-BF7E-492B-8A98-35A9EA31777D}.Release|Any CPU.Build.0 = Release|Any CPU
	EndGlobalSection
	GlobalSection(SolutionProperties) = preSolution
		HideSolutionNode = FALSE
	EndGlobalSection
	GlobalSection(ExtensibilityGlobals) = postSolution
		SolutionGuid = {1F406C84-9EDA-40EE-A695-8451C46C1367}
	EndGlobalSection
EndGlobal
